
Microsoft Visual Studio Solution File, Format Version 12.00
# Visual Studio Version 17
VisualStudioVersion = 17.6.33829.357
MinimumVisualStudioVersion = 10.0.40219.1
Project("{FAE04EC0-301F-11D3-BF4B-00C04F79EFBC}") = "AplicacaoWebDS", "AplicacaoWebDS\AplicacaoWebDS.csproj", "{D0D2D70E-D131-4393-906A-3242DEB9F3F7}"
EndProject
Global
	GlobalSection(SolutionConfigurationPlatforms) = preSolution
		Debug|Any CPU = Debug|Any CPU
		Release|Any CPU = Release|Any CPU
	EndGlobalSection
	GlobalSection(ProjectConfigurationPlatforms) = postSolution
		{D0D2D70E-D131-4393-906A-3242DEB9F3F7}.Debug|Any CPU.ActiveCfg = Debug|Any CPU
		{D0D2D70E-D131-4393-906A-3242DEB9F3F7}.Debug|Any CPU.Build.0 = Debug|Any CPU
		{D0D2D70E-D131-4393-906A-3242DEB9F3F7}.Release|Any CPU.ActiveCfg = Release|Any CPU
		{D0D2D70E-D131-4393-906A-3242DEB9F3F7}.Release|Any CPU.Build.0 = Release|Any CPU
	EndGlobalSection
	GlobalSection(SolutionProperties) = preSolution
		HideSolutionNode = FALSE
	EndGlobalSection
	GlobalSection(ExtensibilityGlobals) = postSolution
		SolutionGuid = {A9986CC4-2C94-41FC-AD9F-DE26D49DCA10}
	EndGlobalSection
EndGlobal
